
Microsoft Visual Studio Solution File, Format Version 12.00
# Visual Studio Version 17
VisualStudioVersion = 17.4.33205.214
MinimumVisualStudioVersion = 10.0.40219.1
Project("{2150E333-8FDC-42A3-9474-1A3956D46DE8}") = "Source", "Source", "{7069B69C-F810-42D7-8460-20D55D2A745E}"
EndProject
Project("{9A19103F-16F7-4668-BE54-9A1E7A4F7556}") = "Inventory.API", "Source\Inventory.API\Inventory.API.csproj", "{2751F7E7-7BE8-46AB-9B44-9FFDE8964D5E}"
EndProject
Project("{9A19103F-16F7-4668-BE54-9A1E7A4F7556}") = "Inventory.Core", "Source\Inventory.Core\Inventory.Core.csproj", "{67454562-6182-42FD-A012-84A810BE0BFC}"
EndProject
Project("{9A19103F-16F7-4668-BE54-9A1E7A4F7556}") = "Sgtin", "Source\Sgtin\Sgtin.csproj", "{D20B4D1F-A9BF-4305-BF60-A8ACEC28F8D2}"
EndProject
Project("{9A19103F-16F7-4668-BE54-9A1E7A4F7556}") = "Inventory.Application", "Source\Inventory.Application\Inventory.Application.csproj", "{5E1F828B-7EB9-46DE-A608-E4684C8B9EA7}"
EndProject
Project("{9A19103F-16F7-4668-BE54-9A1E7A4F7556}") = "Inventory.Persistence", "Source\Inventory.Persistence\Inventory.Persistence.csproj", "{495E2B23-93FC-4B15-8CD1-B12CD4748E25}"
EndProject
Project("{FAE04EC0-301F-11D3-BF4B-00C04F79EFBC}") = "Inventory.DbUpdate", "Source\Inventory.DbUpdate\Inventory.DbUpdate.csproj", "{B08135B6-4604-47CD-BA03-C4A05923695D}"
EndProject
Global
	GlobalSection(SolutionConfigurationPlatforms) = preSolution
		Debug|Any CPU = Debug|Any CPU
		Release|Any CPU = Release|Any CPU
	EndGlobalSection
	GlobalSection(ProjectConfigurationPlatforms) = postSolution
		{2751F7E7-7BE8-46AB-9B44-9FFDE8964D5E}.Debug|Any CPU.ActiveCfg = Debug|Any CPU
		{2751F7E7-7BE8-46AB-9B44-9FFDE8964D5E}.Debug|Any CPU.Build.0 = Debug|Any CPU
		{2751F7E7-7BE8-46AB-9B44-9FFDE8964D5E}.Release|Any CPU.ActiveCfg = Release|Any CPU
		{2751F7E7-7BE8-46AB-9B44-9FFDE8964D5E}.Release|Any CPU.Build.0 = Release|Any CPU
		{67454562-6182-42FD-A012-84A810BE0BFC}.Debug|Any CPU.ActiveCfg = Debug|Any CPU
		{67454562-6182-42FD-A012-84A810BE0BFC}.Debug|Any CPU.Build.0 = Debug|Any CPU
		{67454562-6182-42FD-A012-84A810BE0BFC}.Release|Any CPU.ActiveCfg = Release|Any CPU
		{67454562-6182-42FD-A012-84A810BE0BFC}.Release|Any CPU.Build.0 = Release|Any CPU
		{D20B4D1F-A9BF-4305-BF60-A8ACEC28F8D2}.Debug|Any CPU.ActiveCfg = Debug|Any CPU
		{D20B4D1F-A9BF-4305-BF60-A8ACEC28F8D2}.Debug|Any CPU.Build.0 = Debug|Any CPU
		{D20B4D1F-A9BF-4305-BF60-A8ACEC28F8D2}.Release|Any CPU.ActiveCfg = Release|Any CPU
		{D20B4D1F-A9BF-4305-BF60-A8ACEC28F8D2}.Release|Any CPU.Build.0 = Release|Any CPU
		{5E1F828B-7EB9-46DE-A608-E4684C8B9EA7}.Debug|Any CPU.ActiveCfg = Debug|Any CPU
		{5E1F828B-7EB9-46DE-A608-E4684C8B9EA7}.Debug|Any CPU.Build.0 = Debug|Any CPU
		{5E1F828B-7EB9-46DE-A608-E4684C8B9EA7}.Release|Any CPU.ActiveCfg = Release|Any CPU
		{5E1F828B-7EB9-46DE-A608-E4684C8B9EA7}.Release|Any CPU.Build.0 = Release|Any CPU
		{495E2B23-93FC-4B15-8CD1-B12CD4748E25}.Debug|Any CPU.ActiveCfg = Debug|Any CPU
		{495E2B23-93FC-4B15-8CD1-B12CD4748E25}.Debug|Any CPU.Build.0 = Debug|Any CPU
		{495E2B23-93FC-4B15-8CD1-B12CD4748E25}.Release|Any CPU.ActiveCfg = Release|Any CPU
		{495E2B23-93FC-4B15-8CD1-B12CD4748E25}.Release|Any CPU.Build.0 = Release|Any CPU
		{B08135B6-4604-47CD-BA03-C4A05923695D}.Debug|Any CPU.ActiveCfg = Debug|Any CPU
		{B08135B6-4604-47CD-BA03-C4A05923695D}.Debug|Any CPU.Build.0 = Debug|Any CPU
		{B08135B6-4604-47CD-BA03-C4A05923695D}.Release|Any CPU.ActiveCfg = Release|Any CPU
		{B08135B6-4604-47CD-BA03-C4A05923695D}.Release|Any CPU.Build.0 = Release|Any CPU
	EndGlobalSection
	GlobalSection(SolutionProperties) = preSolution
		HideSolutionNode = FALSE
	EndGlobalSection
	GlobalSection(NestedProjects) = preSolution
		{2751F7E7-7BE8-46AB-9B44-9FFDE8964D5E} = {7069B69C-F810-42D7-8460-20D55D2A745E}
		{67454562-6182-42FD-A012-84A810BE0BFC} = {7069B69C-F810-42D7-8460-20D55D2A745E}
		{D20B4D1F-A9BF-4305-BF60-A8ACEC28F8D2} = {7069B69C-F810-42D7-8460-20D55D2A745E}
		{5E1F828B-7EB9-46DE-A608-E4684C8B9EA7} = {7069B69C-F810-42D7-8460-20D55D2A745E}
		{495E2B23-93FC-4B15-8CD1-B12CD4748E25} = {7069B69C-F810-42D7-8460-20D55D2A745E}
		{B08135B6-4604-47CD-BA03-C4A05923695D} = {7069B69C-F810-42D7-8460-20D55D2A745E}
	EndGlobalSection
	GlobalSection(ExtensibilityGlobals) = postSolution
		SolutionGuid = {AEE407F8-A50F-4ACD-88C7-AF6B506A5752}
	EndGlobalSection
EndGlobal
